{
  "originHash" : "ad745a5c6fcb06d1824d5270c4871af4d66e1c06294b223ce2e46d3bb96e9858",
  "pins" : [
    {
      "identity" : "swift-fsrs",
      "kind" : "remoteSourceControl",
      "location" : "https://github.com/open-spaced-repetition/swift-fsrs",
      "state" : {
        "branch" : "main",
        "revision" : "a4ebe3a1d167fea63b75770cddf781bb78a9f768"
      }
    }
  ],
  "version" : 3
}
