// !$*UTF8*$!
{
	archiveVersion = 1;
	classes = {
	};
	objectVersion = 77;
	objects = {

/* Begin PBXBuildFile section */
		09E6F9AC532CBD3B781D2744 /* PasteImportView.swift in Sources */ = {isa = PBXBuildFile; fileRef = 50D8638635184218DD991D4D /* PasteImportView.swift */; };
		0A4F6937A29D8E943615BDF5 /* ProfileView.swift in Sources */ = {isa = PBXBuildFile; fileRef = ACEB07F82811D0E1FA6E60AC /* ProfileView.swift */; };
		174437E42740DAC89AA292ED /* openrussian-vocab.json in Resources */ = {isa = PBXBuildFile; fileRef = DD3844A8173B79B82AC948C9 /* openrussian-vocab.json */; };
		30231A31C2AB15C228142C0F /* SchedulerService.swift in Sources */ = {isa = PBXBuildFile; fileRef = 80D531874A301CD4858AEDC0 /* SchedulerService.swift */; };
		3357CC99FC1FD371D0B07287 /* SettingsView.swift in Sources */ = {isa = PBXBuildFile; fileRef = 547A7126AF25CCE310348205 /* SettingsView.swift */; };
		40662883D72E39AB5B6F86AB /* LibraryView.swift in Sources */ = {isa = PBXBuildFile; fileRef = 5F897948CA7B561917E680E8 /* LibraryView.swift */; };
		469E16739F42AE7E0C1D515F /* PracticeView.swift in Sources */ = {isa = PBXBuildFile; fileRef = 41138E1BD5B38513538563D0 /* PracticeView.swift */; };
		47E77138AAB98439B5DB75CB /* Assets.xcassets in Resources */ = {isa = PBXBuildFile; fileRef = 8C1A63768918756124751E8A /* Assets.xcassets */; };
		4B8A20BF4080F749957B79A5 /* PrivacyInfo.xcprivacy in Resources */ = {isa = PBXBuildFile; fileRef = EA1132772EA6C9E8F03E799C /* PrivacyInfo.xcprivacy */; };
		4D4F036FCEE952E7C4BA973A /* NotificationService.swift in Sources */ = {isa = PBXBuildFile; fileRef = 5C28E00C1145C9581B2F96D2 /* NotificationService.swift */; };
		4F0671BF3D2AFDE4FFA127EC /* GradeResult.swift in Sources */ = {isa = PBXBuildFile; fileRef = 3EC058A393BFF279E9DE7B7A /* GradeResult.swift */; };
		59053A160C049E78963804F9 /* RootView.swift in Sources */ = {isa = PBXBuildFile; fileRef = FA2829844AD98248734C70B7 /* RootView.swift */; };
		5E95771F4AAFF0DC3F52C33B /* BackupView.swift in Sources */ = {isa = PBXBuildFile; fileRef = 6F7709669F51C9991EB9F358 /* BackupView.swift */; };
		631C361BA660DA88390BFB9D /* Models.swift in Sources */ = {isa = PBXBuildFile; fileRef = B421ED54B6B9EA27230DA1AC /* Models.swift */; };
		71D33FBC0F138D127E106666 /* FlipCardView.swift in Sources */ = {isa = PBXBuildFile; fileRef = FE8A4BD065406DE509FBF5DB /* FlipCardView.swift */; };
		79ECDFD1C26BDCE2DC62F5A0 /* DiffView.swift in Sources */ = {isa = PBXBuildFile; fileRef = D58272B81BECD74EBFE7F319 /* DiffView.swift */; };
		7D41DF139AC28E73A38EC5C3 /* FoundationModelJudge.swift in Sources */ = {isa = PBXBuildFile; fileRef = 1D53748872A1B7C15107D2BD /* FoundationModelJudge.swift */; };
		8D061898B24EBE2C27FCEECF /* DesignSystem.swift in Sources */ = {isa = PBXBuildFile; fileRef = EF2733D80F9C14465CEEA48C /* DesignSystem.swift */; };
		8EC61B80F54FA4D539A146F7 /* TTSService.swift in Sources */ = {isa = PBXBuildFile; fileRef = 5CB11852AE25C2115A7D9EB3 /* TTSService.swift */; };
		A02979216DC0F6AB5AE9EAF9 /* SpeechRecognitionService.swift in Sources */ = {isa = PBXBuildFile; fileRef = 1F110EEAD8A13151FD86007F /* SpeechRecognitionService.swift */; };
		ACCA196F7A459535AD1A7A58 /* GraderService.swift in Sources */ = {isa = PBXBuildFile; fileRef = DE023585381CE68F98981795 /* GraderService.swift */; };
		B450773A22F4C88B0EEBC5A9 /* TopicEditorView.swift in Sources */ = {isa = PBXBuildFile; fileRef = 9BF72BB7E495A2987A8CBAF6 /* TopicEditorView.swift */; };
		C22CDBBDCCB530F547CA446C /* PhraseEditorView.swift in Sources */ = {isa = PBXBuildFile; fileRef = 6C7BB950C9BCF8F984478E53 /* PhraseEditorView.swift */; };
		CA8F0D9D07C744D393A8FA27 /* FSRS in Frameworks */ = {isa = PBXBuildFile; productRef = 2B6CFA3A3493C7CD25AA16A1 /* FSRS */; };
		CD3BC4012C369A8883622044 /* LanguageLearningApp.swift in Sources */ = {isa = PBXBuildFile; fileRef = 5C46C781D4984EADD6410CDF /* LanguageLearningApp.swift */; };
		DD4A9537F49287A984059C98 /* SchemaV1.swift in Sources */ = {isa = PBXBuildFile; fileRef = 7462150BE1C92E0999FA72BA /* SchemaV1.swift */; };
		E8614D5A012723D3BAAA2F4A /* FuzzyMatcher.swift in Sources */ = {isa = PBXBuildFile; fileRef = 81B152DA8F1D077E79906ECE /* FuzzyMatcher.swift */; };
		F2A1F4E85A8BA7E032571F1A /* SeedData.swift in Sources */ = {isa = PBXBuildFile; fileRef = 114B2FD008C1CEEA5C5A4B7F /* SeedData.swift */; };
		FDF7314775BAFC93123DFA71 /* TelemetryView.swift in Sources */ = {isa = PBXBuildFile; fileRef = 4690E31D03C66D45E607C3E1 /* TelemetryView.swift */; };
/* End PBXBuildFile section */

/* Begin PBXFileReference section */
		114B2FD008C1CEEA5C5A4B7F /* SeedData.swift */ = {isa = PBXFileReference; lastKnownFileType = sourcecode.swift; path = SeedData.swift; sourceTree = "<group>"; };
		1D53748872A1B7C15107D2BD /* FoundationModelJudge.swift */ = {isa = PBXFileReference; lastKnownFileType = sourcecode.swift; path = FoundationModelJudge.swift; sourceTree = "<group>"; };
		1F110EEAD8A13151FD86007F /* SpeechRecognitionService.swift */ = {isa = PBXFileReference; lastKnownFileType = sourcecode.swift; path = SpeechRecognitionService.swift; sourceTree = "<group>"; };
		3EC058A393BFF279E9DE7B7A /* GradeResult.swift */ = {isa = PBXFileReference; lastKnownFileType = sourcecode.swift; path = GradeResult.swift; sourceTree = "<group>"; };
		41138E1BD5B38513538563D0 /* PracticeView.swift */ = {isa = PBXFileReference; lastKnownFileType = sourcecode.swift; path = PracticeView.swift; sourceTree = "<group>"; };
		4690E31D03C66D45E607C3E1 /* TelemetryView.swift */ = {isa = PBXFileReference; lastKnownFileType = sourcecode.swift; path = TelemetryView.swift; sourceTree = "<group>"; };
		50D8638635184218DD991D4D /* PasteImportView.swift */ = {isa = PBXFileReference; lastKnownFileType = sourcecode.swift; path = PasteImportView.swift; sourceTree = "<group>"; };
		547A7126AF25CCE310348205 /* SettingsView.swift */ = {isa = PBXFileReference; lastKnownFileType = sourcecode.swift; path = SettingsView.swift; sourceTree = "<group>"; };
		5C28E00C1145C9581B2F96D2 /* NotificationService.swift */ = {isa = PBXFileReference; lastKnownFileType = sourcecode.swift; path = NotificationService.swift; sourceTree = "<group>"; };
		5C46C781D4984EADD6410CDF /* LanguageLearningApp.swift */ = {isa = PBXFileReference; lastKnownFileType = sourcecode.swift; path = LanguageLearningApp.swift; sourceTree = "<group>"; };
		5CB11852AE25C2115A7D9EB3 /* TTSService.swift */ = {isa = PBXFileReference; lastKnownFileType = sourcecode.swift; path = TTSService.swift; sourceTree = "<group>"; };
		5F897948CA7B561917E680E8 /* LibraryView.swift */ = {isa = PBXFileReference; lastKnownFileType = sourcecode.swift; path = LibraryView.swift; sourceTree = "<group>"; };
		6C7BB950C9BCF8F984478E53 /* PhraseEditorView.swift */ = {isa = PBXFileReference; lastKnownFileType = sourcecode.swift; path = PhraseEditorView.swift; sourceTree = "<group>"; };
		6F7709669F51C9991EB9F358 /* BackupView.swift */ = {isa = PBXFileReference; lastKnownFileType = sourcecode.swift; path = BackupView.swift; sourceTree = "<group>"; };
		7462150BE1C92E0999FA72BA /* SchemaV1.swift */ = {isa = PBXFileReference; lastKnownFileType = sourcecode.swift; path = SchemaV1.swift; sourceTree = "<group>"; };
		80D531874A301CD4858AEDC0 /* SchedulerService.swift */ = {isa = PBXFileReference; lastKnownFileType = sourcecode.swift; path = SchedulerService.swift; sourceTree = "<group>"; };
		81B152DA8F1D077E79906ECE /* FuzzyMatcher.swift */ = {isa = PBXFileReference; lastKnownFileType = sourcecode.swift; path = FuzzyMatcher.swift; sourceTree = "<group>"; };
		8C1A63768918756124751E8A /* Assets.xcassets */ = {isa = PBXFileReference; lastKnownFileType = folder.assetcatalog; path = Assets.xcassets; sourceTree = "<group>"; };
		9BF72BB7E495A2987A8CBAF6 /* TopicEditorView.swift */ = {isa = PBXFileReference; lastKnownFileType = sourcecode.swift; path = TopicEditorView.swift; sourceTree = "<group>"; };
		ACEB07F82811D0E1FA6E60AC /* ProfileView.swift */ = {isa = PBXFileReference; lastKnownFileType = sourcecode.swift; path = ProfileView.swift; sourceTree = "<group>"; };
		B421ED54B6B9EA27230DA1AC /* Models.swift */ = {isa = PBXFileReference; lastKnownFileType = sourcecode.swift; path = Models.swift; sourceTree = "<group>"; };
		C5758C13A6E6B84B0BDD8808 /* Info.generated.plist */ = {isa = PBXFileReference; lastKnownFileType = text.plist; path = Info.generated.plist; sourceTree = "<group>"; };
		C7EA510F4CCDE97C03B5567E /* LanguageLearning.app */ = {isa = PBXFileReference; includeInIndex = 0; lastKnownFileType = wrapper.application; path = LanguageLearning.app; sourceTree = BUILT_PRODUCTS_DIR; };
		D58272B81BECD74EBFE7F319 /* DiffView.swift */ = {isa = PBXFileReference; lastKnownFileType = sourcecode.swift; path = DiffView.swift; sourceTree = "<group>"; };
		DD3844A8173B79B82AC948C9 /* openrussian-vocab.json */ = {isa = PBXFileReference; lastKnownFileType = text.json; path = "openrussian-vocab.json"; sourceTree = "<group>"; };
		DE023585381CE68F98981795 /* GraderService.swift */ = {isa = PBXFileReference; lastKnownFileType = sourcecode.swift; path = GraderService.swift; sourceTree = "<group>"; };
		EA1132772EA6C9E8F03E799C /* PrivacyInfo.xcprivacy */ = {isa = PBXFileReference; path = PrivacyInfo.xcprivacy; sourceTree = "<group>"; };
		EF2733D80F9C14465CEEA48C /* DesignSystem.swift */ = {isa = PBXFileReference; lastKnownFileType = sourcecode.swift; path = DesignSystem.swift; sourceTree = "<group>"; };
		FA2829844AD98248734C70B7 /* RootView.swift */ = {isa = PBXFileReference; lastKnownFileType = sourcecode.swift; path = RootView.swift; sourceTree = "<group>"; };
		FE8A4BD065406DE509FBF5DB /* FlipCardView.swift */ = {isa = PBXFileReference; lastKnownFileType = sourcecode.swift; path = FlipCardView.swift; sourceTree = "<group>"; };
/* End PBXFileReference section */

/* Begin PBXFrameworksBuildPhase section */
		5849667A767C0EA46A64F857 /* Frameworks */ = {
			isa = PBXFrameworksBuildPhase;
			buildActionMask = 2147483647;
			files = (
				CA8F0D9D07C744D393A8FA27 /* FSRS in Frameworks */,
			);
			runOnlyForDeploymentPostprocessing = 0;
		};
/* End PBXFrameworksBuildPhase section */

/* Begin PBXGroup section */
		0EF3E340C54CAA8364ABEB95 /* Services */ = {
			isa = PBXGroup;
			children = (
				5C28E00C1145C9581B2F96D2 /* NotificationService.swift */,
				1F110EEAD8A13151FD86007F /* SpeechRecognitionService.swift */,
				5CB11852AE25C2115A7D9EB3 /* TTSService.swift */,
			);
			path = Services;
			sourceTree = "<group>";
		};
		0F3B5A189E9B5CA865DAF280 /* LanguageLearning */ = {
			isa = PBXGroup;
			children = (
				8C1A63768918756124751E8A /* Assets.xcassets */,
				C5758C13A6E6B84B0BDD8808 /* Info.generated.plist */,
				EA1132772EA6C9E8F03E799C /* PrivacyInfo.xcprivacy */,
				9AA442E7F74D8C0EF4DCB94C /* App */,
				16B8884AEE92EDC980A64D73 /* Domain */,
				704D145221A73236AF7A872B /* Features */,
				266348FFFDDD401B55393AEA /* Persistence */,
				B521D0E383E5CE683DFF1302 /* Resources */,
				0EF3E340C54CAA8364ABEB95 /* Services */,
			);
			path = LanguageLearning;
			sourceTree = "<group>";
		};
		16B8884AEE92EDC980A64D73 /* Domain */ = {
			isa = PBXGroup;
			children = (
				BF30E110548D57F12515FC5E /* Grading */,
				482E18FE101BBEE0A5E5BE7D /* Scheduling */,
			);
			path = Domain;
			sourceTree = "<group>";
		};
		266348FFFDDD401B55393AEA /* Persistence */ = {
			isa = PBXGroup;
			children = (
				B421ED54B6B9EA27230DA1AC /* Models.swift */,
				7462150BE1C92E0999FA72BA /* SchemaV1.swift */,
				114B2FD008C1CEEA5C5A4B7F /* SeedData.swift */,
			);
			path = Persistence;
			sourceTree = "<group>";
		};
		2AAD1F01FAE11C554FE49BC4 /* Library */ = {
			isa = PBXGroup;
			children = (
				6F7709669F51C9991EB9F358 /* BackupView.swift */,
				5F897948CA7B561917E680E8 /* LibraryView.swift */,
				50D8638635184218DD991D4D /* PasteImportView.swift */,
				6C7BB950C9BCF8F984478E53 /* PhraseEditorView.swift */,
				547A7126AF25CCE310348205 /* SettingsView.swift */,
				4690E31D03C66D45E607C3E1 /* TelemetryView.swift */,
				9BF72BB7E495A2987A8CBAF6 /* TopicEditorView.swift */,
			);
			path = Library;
			sourceTree = "<group>";
		};
		300D997C9F9E890C37C636B5 /* Products */ = {
			isa = PBXGroup;
			children = (
				C7EA510F4CCDE97C03B5567E /* LanguageLearning.app */,
			);
			name = Products;
			sourceTree = "<group>";
		};
		482E18FE101BBEE0A5E5BE7D /* Scheduling */ = {
			isa = PBXGroup;
			children = (
				80D531874A301CD4858AEDC0 /* SchedulerService.swift */,
			);
			path = Scheduling;
			sourceTree = "<group>";
		};
		4D96F99BDE3581DDF718B5C0 /* Practice */ = {
			isa = PBXGroup;
			children = (
				D58272B81BECD74EBFE7F319 /* DiffView.swift */,
				FE8A4BD065406DE509FBF5DB /* FlipCardView.swift */,
				41138E1BD5B38513538563D0 /* PracticeView.swift */,
			);
			path = Practice;
			sourceTree = "<group>";
		};
		704D145221A73236AF7A872B /* Features */ = {
			isa = PBXGroup;
			children = (
				2AAD1F01FAE11C554FE49BC4 /* Library */,
				D0BA2E1C75A32B0DDA37A87F /* Onboarding */,
				4D96F99BDE3581DDF718B5C0 /* Practice */,
				FE490FC32E7EB6677CBDC0E2 /* Profile */,
			);
			path = Features;
			sourceTree = "<group>";
		};
		9AA442E7F74D8C0EF4DCB94C /* App */ = {
			isa = PBXGroup;
			children = (
				EF2733D80F9C14465CEEA48C /* DesignSystem.swift */,
				5C46C781D4984EADD6410CDF /* LanguageLearningApp.swift */,
				FA2829844AD98248734C70B7 /* RootView.swift */,
			);
			path = App;
			sourceTree = "<group>";
		};
		B521D0E383E5CE683DFF1302 /* Resources */ = {
			isa = PBXGroup;
			children = (
				DD3844A8173B79B82AC948C9 /* openrussian-vocab.json */,
			);
			path = Resources;
			sourceTree = "<group>";
		};
		BF30E110548D57F12515FC5E /* Grading */ = {
			isa = PBXGroup;
			children = (
				1D53748872A1B7C15107D2BD /* FoundationModelJudge.swift */,
				81B152DA8F1D077E79906ECE /* FuzzyMatcher.swift */,
				3EC058A393BFF279E9DE7B7A /* GradeResult.swift */,
				DE023585381CE68F98981795 /* GraderService.swift */,
			);
			path = Grading;
			sourceTree = "<group>";
		};
		D0BA2E1C75A32B0DDA37A87F /* Onboarding */ = {
			isa = PBXGroup;
			children = (
			);
			path = Onboarding;
			sourceTree = "<group>";
		};
		D228E1E67110F441C768E43F = {
			isa = PBXGroup;
			children = (
				0F3B5A189E9B5CA865DAF280 /* LanguageLearning */,
				300D997C9F9E890C37C636B5 /* Products */,
			);
			sourceTree = "<group>";
		};
		FE490FC32E7EB6677CBDC0E2 /* Profile */ = {
			isa = PBXGroup;
			children = (
				ACEB07F82811D0E1FA6E60AC /* ProfileView.swift */,
			);
			path = Profile;
			sourceTree = "<group>";
		};
/* End PBXGroup section */

/* Begin PBXNativeTarget section */
		A00F9DA3D6AEE523A8094AF8 /* LanguageLearning */ = {
			isa = PBXNativeTarget;
			buildConfigurationList = 8DAB1212FC792EF435BE357D /* Build configuration list for PBXNativeTarget "LanguageLearning" */;
			buildPhases = (
				53336C9B441CE6E86F628C24 /* Sources */,
				A5F9104E89F751CDDC8C2483 /* Resources */,
				5849667A767C0EA46A64F857 /* Frameworks */,
			);
			buildRules = (
			);
			dependencies = (
			);
			name = LanguageLearning;
			packageProductDependencies = (
				2B6CFA3A3493C7CD25AA16A1 /* FSRS */,
			);
			productName = LanguageLearning;
			productReference = C7EA510F4CCDE97C03B5567E /* LanguageLearning.app */;
			productType = "com.apple.product-type.application";
		};
/* End PBXNativeTarget section */

/* Begin PBXProject section */
		83011B337699F378E0631AB2 /* Project object */ = {
			isa = PBXProject;
			attributes = {
				BuildIndependentTargetsInParallel = YES;
				LastUpgradeCheck = 1430;
				TargetAttributes = {
					A00F9DA3D6AEE523A8094AF8 = {
						DevelopmentTeam = V5Q5RY5X9H;
						ProvisioningStyle = Automatic;
					};
				};
			};
			buildConfigurationList = 1D1F6807C14F86AE3C44E870 /* Build configuration list for PBXProject "LanguageLearning" */;
			developmentRegion = en;
			hasScannedForEncodings = 0;
			knownRegions = (
				Base,
				en,
			);
			mainGroup = D228E1E67110F441C768E43F;
			minimizedProjectReferenceProxies = 1;
			packageReferences = (
				4C17C01E001BF11DC406FA62 /* XCRemoteSwiftPackageReference "swift-fsrs" */,
			);
			preferredProjectObjectVersion = 77;
			productRefGroup = 300D997C9F9E890C37C636B5 /* Products */;
			projectDirPath = "";
			projectRoot = "";
			targets = (
				A00F9DA3D6AEE523A8094AF8 /* LanguageLearning */,
			);
		};
/* End PBXProject section */

/* Begin PBXResourcesBuildPhase section */
		A5F9104E89F751CDDC8C2483 /* Resources */ = {
			isa = PBXResourcesBuildPhase;
			buildActionMask = 2147483647;
			files = (
				47E77138AAB98439B5DB75CB /* Assets.xcassets in Resources */,
				4B8A20BF4080F749957B79A5 /* PrivacyInfo.xcprivacy in Resources */,
				174437E42740DAC89AA292ED /* openrussian-vocab.json in Resources */,
			);
			runOnlyForDeploymentPostprocessing = 0;
		};
/* End PBXResourcesBuildPhase section */

/* Begin PBXSourcesBuildPhase section */
		53336C9B441CE6E86F628C24 /* Sources */ = {
			isa = PBXSourcesBuildPhase;
			buildActionMask = 2147483647;
			files = (
				5E95771F4AAFF0DC3F52C33B /* BackupView.swift in Sources */,
				8D061898B24EBE2C27FCEECF /* DesignSystem.swift in Sources */,
				79ECDFD1C26BDCE2DC62F5A0 /* DiffView.swift in Sources */,
				71D33FBC0F138D127E106666 /* FlipCardView.swift in Sources */,
				7D41DF139AC28E73A38EC5C3 /* FoundationModelJudge.swift in Sources */,
				E8614D5A012723D3BAAA2F4A /* FuzzyMatcher.swift in Sources */,
				4F0671BF3D2AFDE4FFA127EC /* GradeResult.swift in Sources */,
				ACCA196F7A459535AD1A7A58 /* GraderService.swift in Sources */,
				CD3BC4012C369A8883622044 /* LanguageLearningApp.swift in Sources */,
				40662883D72E39AB5B6F86AB /* LibraryView.swift in Sources */,
				631C361BA660DA88390BFB9D /* Models.swift in Sources */,
				4D4F036FCEE952E7C4BA973A /* NotificationService.swift in Sources */,
				09E6F9AC532CBD3B781D2744 /* PasteImportView.swift in Sources */,
				C22CDBBDCCB530F547CA446C /* PhraseEditorView.swift in Sources */,
				469E16739F42AE7E0C1D515F /* PracticeView.swift in Sources */,
				0A4F6937A29D8E943615BDF5 /* ProfileView.swift in Sources */,
				59053A160C049E78963804F9 /* RootView.swift in Sources */,
				30231A31C2AB15C228142C0F /* SchedulerService.swift in Sources */,
				DD4A9537F49287A984059C98 /* SchemaV1.swift in Sources */,
				F2A1F4E85A8BA7E032571F1A /* SeedData.swift in Sources */,
				3357CC99FC1FD371D0B07287 /* SettingsView.swift in Sources */,
				A02979216DC0F6AB5AE9EAF9 /* SpeechRecognitionService.swift in Sources */,
				8EC61B80F54FA4D539A146F7 /* TTSService.swift in Sources */,
				FDF7314775BAFC93123DFA71 /* TelemetryView.swift in Sources */,
				B450773A22F4C88B0EEBC5A9 /* TopicEditorView.swift in Sources */,
			);
			runOnlyForDeploymentPostprocessing = 0;
		};
/* End PBXSourcesBuildPhase section */

/* Begin XCBuildConfiguration section */
		97DEDDCF509C2D162D294D4F /* Release */ = {
			isa = XCBuildConfiguration;
			buildSettings = {
				ALWAYS_SEARCH_USER_PATHS = NO;
				CLANG_ANALYZER_NONNULL = YES;
				CLANG_ANALYZER_NUMBER_OBJECT_CONVERSION = YES_AGGRESSIVE;
				CLANG_CXX_LANGUAGE_STANDARD = "gnu++14";
				CLANG_CXX_LIBRARY = "libc++";
				CLANG_ENABLE_MODULES = YES;
				CLANG_ENABLE_OBJC_ARC = YES;
				CLANG_ENABLE_OBJC_WEAK = YES;
				CLANG_WARN_BLOCK_CAPTURE_AUTORELEASING = YES;
				CLANG_WARN_BOOL_CONVERSION = YES;
				CLANG_WARN_COMMA = YES;
				CLANG_WARN_CONSTANT_CONVERSION = YES;
				CLANG_WARN_DEPRECATED_OBJC_IMPLEMENTATIONS = YES;
				CLANG_WARN_DIRECT_OBJC_ISA_USAGE = YES_ERROR;
				CLANG_WARN_DOCUMENTATION_COMMENTS = YES;
				CLANG_WARN_EMPTY_BODY = YES;
				CLANG_WARN_ENUM_CONVERSION = YES;
				CLANG_WARN_INFINITE_RECURSION = YES;
				CLANG_WARN_INT_CONVERSION = YES;
				CLANG_WARN_NON_LITERAL_NULL_CONVERSION = YES;
				CLANG_WARN_OBJC_IMPLICIT_RETAIN_SELF = YES;
				CLANG_WARN_OBJC_LITERAL_CONVERSION = YES;
				CLANG_WARN_OBJC_ROOT_CLASS = YES_ERROR;
				CLANG_WARN_QUOTED_INCLUDE_IN_FRAMEWORK_HEADER = YES;
				CLANG_WARN_RANGE_LOOP_ANALYSIS = YES;
				CLANG_WARN_STRICT_PROTOTYPES = YES;
				CLANG_WARN_SUSPICIOUS_MOVE = YES;
				CLANG_WARN_UNGUARDED_AVAILABILITY = YES_AGGRESSIVE;
				CLANG_WARN_UNREACHABLE_CODE = YES;
				CLANG_WARN__DUPLICATE_METHOD_MATCH = YES;
				CODE_SIGN_STYLE = Automatic;
				COPY_PHASE_STRIP = NO;
				DEBUG_INFORMATION_FORMAT = "dwarf-with-dsym";
				DEVELOPMENT_TEAM = V5Q5RY5X9H;
				ENABLE_NS_ASSERTIONS = NO;
				ENABLE_STRICT_OBJC_MSGSEND = YES;
				GCC_C_LANGUAGE_STANDARD = gnu11;
				GCC_NO_COMMON_BLOCKS = YES;
				GCC_WARN_64_TO_32_BIT_CONVERSION = YES;
				GCC_WARN_ABOUT_RETURN_TYPE = YES_ERROR;
				GCC_WARN_UNDECLARED_SELECTOR = YES;
				GCC_WARN_UNINITIALIZED_AUTOS = YES_AGGRESSIVE;
				GCC_WARN_UNUSED_FUNCTION = YES;
				GCC_WARN_UNUSED_VARIABLE = YES;
				IPHONEOS_DEPLOYMENT_TARGET = 18.0;
				MTL_ENABLE_DEBUG_INFO = NO;
				MTL_FAST_MATH = YES;
				PRODUCT_NAME = "$(TARGET_NAME)";
				SDKROOT = iphoneos;
				SWIFT_COMPILATION_MODE = wholemodule;
				SWIFT_OPTIMIZATION_LEVEL = "-O";
				SWIFT_STRICT_CONCURRENCY = minimal;
				SWIFT_VERSION = 5.0;
			};
			name = Release;
		};
		BB02F15F9D8EA4FFF1BE91D4 /* Release */ = {
			isa = XCBuildConfiguration;
			buildSettings = {
				ASSETCATALOG_COMPILER_APPICON_NAME = AppIcon;
				ASSETCATALOG_COMPILER_GLOBAL_ACCENT_COLOR_NAME = AccentColor;
				CODE_SIGN_IDENTITY = "iPhone Developer";
				ENABLE_PREVIEWS = YES;
				GENERATE_INFOPLIST_FILE = NO;
				INFOPLIST_FILE = LanguageLearning/Info.generated.plist;
				LD_RUNPATH_SEARCH_PATHS = (
					"$(inherited)",
					"@executable_path/Frameworks",
				);
				PRODUCT_BUNDLE_IDENTIFIER = com.alex.cueflow;
				SDKROOT = iphoneos;
				TARGETED_DEVICE_FAMILY = "1,2";
			};
			name = Release;
		};
		C37025E3DEFE48080055944E /* Debug */ = {
			isa = XCBuildConfiguration;
			buildSettings = {
				ASSETCATALOG_COMPILER_APPICON_NAME = AppIcon;
				ASSETCATALOG_COMPILER_GLOBAL_ACCENT_COLOR_NAME = AccentColor;
				CODE_SIGN_IDENTITY = "iPhone Developer";
				ENABLE_PREVIEWS = YES;
				GENERATE_INFOPLIST_FILE = NO;
				INFOPLIST_FILE = LanguageLearning/Info.generated.plist;
				LD_RUNPATH_SEARCH_PATHS = (
					"$(inherited)",
					"@executable_path/Frameworks",
				);
				PRODUCT_BUNDLE_IDENTIFIER = com.alex.cueflow;
				SDKROOT = iphoneos;
				TARGETED_DEVICE_FAMILY = "1,2";
			};
			name = Debug;
		};
		F20093BB201F6E28FB91DA69 /* Debug */ = {
			isa = XCBuildConfiguration;
			buildSettings = {
				ALWAYS_SEARCH_USER_PATHS = NO;
				CLANG_ANALYZER_NONNULL = YES;
				CLANG_ANALYZER_NUMBER_OBJECT_CONVERSION = YES_AGGRESSIVE;
				CLANG_CXX_LANGUAGE_STANDARD = "gnu++14";
				CLANG_CXX_LIBRARY = "libc++";
				CLANG_ENABLE_MODULES = YES;
				CLANG_ENABLE_OBJC_ARC = YES;
				CLANG_ENABLE_OBJC_WEAK = YES;
				CLANG_WARN_BLOCK_CAPTURE_AUTORELEASING = YES;
				CLANG_WARN_BOOL_CONVERSION = YES;
				CLANG_WARN_COMMA = YES;
				CLANG_WARN_CONSTANT_CONVERSION = YES;
				CLANG_WARN_DEPRECATED_OBJC_IMPLEMENTATIONS = YES;
				CLANG_WARN_DIRECT_OBJC_ISA_USAGE = YES_ERROR;
				CLANG_WARN_DOCUMENTATION_COMMENTS = YES;
				CLANG_WARN_EMPTY_BODY = YES;
				CLANG_WARN_ENUM_CONVERSION = YES;
				CLANG_WARN_INFINITE_RECURSION = YES;
				CLANG_WARN_INT_CONVERSION = YES;
				CLANG_WARN_NON_LITERAL_NULL_CONVERSION = YES;
				CLANG_WARN_OBJC_IMPLICIT_RETAIN_SELF = YES;
				CLANG_WARN_OBJC_LITERAL_CONVERSION = YES;
				CLANG_WARN_OBJC_ROOT_CLASS = YES_ERROR;
				CLANG_WARN_QUOTED_INCLUDE_IN_FRAMEWORK_HEADER = YES;
				CLANG_WARN_RANGE_LOOP_ANALYSIS = YES;
				CLANG_WARN_STRICT_PROTOTYPES = YES;
				CLANG_WARN_SUSPICIOUS_MOVE = YES;
				CLANG_WARN_UNGUARDED_AVAILABILITY = YES_AGGRESSIVE;
				CLANG_WARN_UNREACHABLE_CODE = YES;
				CLANG_WARN__DUPLICATE_METHOD_MATCH = YES;
				CODE_SIGN_STYLE = Automatic;
				COPY_PHASE_STRIP = NO;
				DEBUG_INFORMATION_FORMAT = dwarf;
				DEVELOPMENT_TEAM = V5Q5RY5X9H;
				ENABLE_STRICT_OBJC_MSGSEND = YES;
				ENABLE_TESTABILITY = YES;
				GCC_C_LANGUAGE_STANDARD = gnu11;
				GCC_DYNAMIC_NO_PIC = NO;
				GCC_NO_COMMON_BLOCKS = YES;
				GCC_OPTIMIZATION_LEVEL = 0;
				GCC_PREPROCESSOR_DEFINITIONS = (
					"$(inherited)",
					"DEBUG=1",
				);
				GCC_WARN_64_TO_32_BIT_CONVERSION = YES;
				GCC_WARN_ABOUT_RETURN_TYPE = YES_ERROR;
				GCC_WARN_UNDECLARED_SELECTOR = YES;
				GCC_WARN_UNINITIALIZED_AUTOS = YES_AGGRESSIVE;
				GCC_WARN_UNUSED_FUNCTION = YES;
				GCC_WARN_UNUSED_VARIABLE = YES;
				IPHONEOS_DEPLOYMENT_TARGET = 18.0;
				MTL_ENABLE_DEBUG_INFO = INCLUDE_SOURCE;
				MTL_FAST_MATH = YES;
				ONLY_ACTIVE_ARCH = YES;
				PRODUCT_NAME = "$(TARGET_NAME)";
				SDKROOT = iphoneos;
				SWIFT_ACTIVE_COMPILATION_CONDITIONS = DEBUG;
				SWIFT_OPTIMIZATION_LEVEL = "-Onone";
				SWIFT_STRICT_CONCURRENCY = minimal;
				SWIFT_VERSION = 5.0;
			};
			name = Debug;
		};
/* End XCBuildConfiguration section */

/* Begin XCConfigurationList section */
		1D1F6807C14F86AE3C44E870 /* Build configuration list for PBXProject "LanguageLearning" */ = {
			isa = XCConfigurationList;
			buildConfigurations = (
				F20093BB201F6E28FB91DA69 /* Debug */,
				97DEDDCF509C2D162D294D4F /* Release */,
			);
			defaultConfigurationIsVisible = 0;
			defaultConfigurationName = Debug;
		};
		8DAB1212FC792EF435BE357D /* Build configuration list for PBXNativeTarget "LanguageLearning" */ = {
			isa = XCConfigurationList;
			buildConfigurations = (
				C37025E3DEFE48080055944E /* Debug */,
				BB02F15F9D8EA4FFF1BE91D4 /* Release */,
			);
			defaultConfigurationIsVisible = 0;
			defaultConfigurationName = Debug;
		};
/* End XCConfigurationList section */

/* Begin XCRemoteSwiftPackageReference section */
		4C17C01E001BF11DC406FA62 /* XCRemoteSwiftPackageReference "swift-fsrs" */ = {
			isa = XCRemoteSwiftPackageReference;
			repositoryURL = "https://github.com/open-spaced-repetition/swift-fsrs";
			requirement = {
				branch = main;
				kind = branch;
			};
		};
/* End XCRemoteSwiftPackageReference section */

/* Begin XCSwiftPackageProductDependency section */
		2B6CFA3A3493C7CD25AA16A1 /* FSRS */ = {
			isa = XCSwiftPackageProductDependency;
			package = 4C17C01E001BF11DC406FA62 /* XCRemoteSwiftPackageReference "swift-fsrs" */;
			productName = FSRS;
		};
/* End XCSwiftPackageProductDependency section */
	};
	rootObject = 83011B337699F378E0631AB2 /* Project object */;
}
